{
  "requires": true,
  "lockfileVersion": 1,
  "dependencies": {
    "eruda": {
      "version": "2.2.1",
      "resolved": "https://registry.npm.taobao.org/eruda/download/eruda-2.2.1.tgz?cache=0&sync_timestamp=1584698247963&other_urls=https%3A%2F%2Fregistry.npm.taobao.org%2Feruda%2Fdownload%2Feruda-2.2.1.tgz",
      "integrity": "sha1-TYqYlEY4QiL2aAdSTNAdT2LlRD0="
    },
    "vconsole": {
      "version": "3.3.4",
      "resolved": "https://registry.npm.taobao.org/vconsole/download/vconsole-3.3.4.tgz",
      "integrity": "sha1-p9rNiIez0+kC6NGEJc2lbDTnf1E="
    }
  }
}
