# THIS IS AN AUTOGENERATED FILE. DO NOT EDIT THIS FILE DIRECTLY.
# yarn lockfile v1


"@babel/runtime@7.x":
  version "7.7.4"
  resolved "https://registry.npm.taobao.org/@babel/runtime/download/@babel/runtime-7.7.4.tgz#b23a856751e4bf099262f867767889c0e3fe175b"
  integrity sha1-sjqFZ1HkvwmSYvhndniJwOP+F1s=
  dependencies:
    regenerator-runtime "^0.13.2"

"@vant/icons@1.1.15":
  version "1.1.15"
  resolved "https://registry.npm.taobao.org/@vant/icons/download/@vant/icons-1.1.15.tgz#53c51ace21e9992bfeeb2e1ad9094fbf6506d116"
  integrity sha1-U8UaziHpmSv+6y4a2QlPv2UG0RY=

"@vue/babel-helper-vue-jsx-merge-props@^1.0.0":
  version "1.0.0"
  resolved "https://registry.npm.taobao.org/@vue/babel-helper-vue-jsx-merge-props/download/@vue/babel-helper-vue-jsx-merge-props-1.0.0.tgz#048fe579958da408fb7a8b2a3ec050b50a661040"
  integrity sha1-BI/leZWNpAj7eosqPsBQtQpmEEA=

regenerator-runtime@^0.13.2:
  version "0.13.3"
  resolved "https://registry.npm.taobao.org/regenerator-runtime/download/regenerator-runtime-0.13.3.tgz?cache=0&other_urls=https%3A%2F%2Fregistry.npm.taobao.org%2Fregenerator-runtime%2Fdownload%2Fregenerator-runtime-0.13.3.tgz#7cf6a77d8f5c6f60eb73c5fc1955b2ceb01e6bf5"
  integrity sha1-fPanfY9cb2Drc8X8GVWyzrAea/U=

vant@^2.2.15:
  version "2.2.15"
  resolved "https://registry.npm.taobao.org/vant/download/vant-2.2.15.tgz#42c1178842079a43169a66372b56674a1e0a447c"
  integrity sha1-QsEXiEIHmkMWmmY3K1ZnSh4KRHw=
  dependencies:
    "@babel/runtime" "7.x"
    "@vant/icons" "1.1.15"
    "@vue/babel-helper-vue-jsx-merge-props" "^1.0.0"
    vue-lazyload "1.2.3"

vue-lazyload@1.2.3:
  version "1.2.3"
  resolved "https://registry.npm.taobao.org/vue-lazyload/download/vue-lazyload-1.2.3.tgz?cache=0&sync_timestamp=1568801961628&other_urls=https%3A%2F%2Fregistry.npm.taobao.org%2Fvue-lazyload%2Fdownload%2Fvue-lazyload-1.2.3.tgz#901f9ec15c7e6ca78781a2bae4a343686bdedb2c"
  integrity sha1-kB+ewVx+bKeHgaK65KNDaGve2yw=
